
Microsoft Visual Studio Solution File, Format Version 12.00
# Visual Studio Express 14 for Windows Desktop
VisualStudioVersion = 14.0.24720.0
MinimumVisualStudioVersion = 10.0.40219.1
Project("{8BC9CEB8-8B4A-11D0-8D11-00A0C91BC942}") = "MainGame", "2DGameEngine\2DGameEngine.vcxproj", "{CB284D71-77D9-495E-8545-5E86D4CF2DB9}"
	ProjectSection(ProjectDependencies) = postProject
		{ABC4FF2A-C643-46E7-B5C8-EC2D44F96BED} = {ABC4FF2A-C643-46E7-B5C8-EC2D44F96BED}
	EndProjectSection
EndProject
Project("{8BC9CEB8-8B4A-11D0-8D11-00A0C91BC942}") = "GameEngine2D", "GameEngine2D\GameEngine2D.vcxproj", "{ABC4FF2A-C643-46E7-B5C8-EC2D44F96BED}"
EndProject
Global
	GlobalSection(SolutionConfigurationPlatforms) = preSolution
		Debug|x64 = Debug|x64
		Debug|x86 = Debug|x86
		Release|x64 = Release|x64
		Release|x86 = Release|x86
	EndGlobalSection
	GlobalSection(ProjectConfigurationPlatforms) = postSolution
		{CB284D71-77D9-495E-8545-5E86D4CF2DB9}.Debug|x64.ActiveCfg = Debug|x64
		{CB284D71-77D9-495E-8545-5E86D4CF2DB9}.Debug|x64.Build.0 = Debug|x64
		{CB284D71-77D9-495E-8545-5E86D4CF2DB9}.Debug|x86.ActiveCfg = Debug|Win32
		{CB284D71-77D9-495E-8545-5E86D4CF2DB9}.Debug|x86.Build.0 = Debug|Win32
		{CB284D71-77D9-495E-8545-5E86D4CF2DB9}.Release|x64.ActiveCfg = Release|x64
		{CB284D71-77D9-495E-8545-5E86D4CF2DB9}.Release|x64.Build.0 = Release|x64
		{CB284D71-77D9-495E-8545-5E86D4CF2DB9}.Release|x86.ActiveCfg = Release|Win32
		{CB284D71-77D9-495E-8545-5E86D4CF2DB9}.Release|x86.Build.0 = Release|Win32
		{ABC4FF2A-C643-46E7-B5C8-EC2D44F96BED}.Debug|x64.ActiveCfg = Debug|x64
		{ABC4FF2A-C643-46E7-B5C8-EC2D44F96BED}.Debug|x64.Build.0 = Debug|x64
		{ABC4FF2A-C643-46E7-B5C8-EC2D44F96BED}.Debug|x86.ActiveCfg = Debug|Win32
		{ABC4FF2A-C643-46E7-B5C8-EC2D44F96BED}.Debug|x86.Build.0 = Debug|Win32
		{ABC4FF2A-C643-46E7-B5C8-EC2D44F96BED}.Release|x64.ActiveCfg = Release|x64
		{ABC4FF2A-C643-46E7-B5C8-EC2D44F96BED}.Release|x64.Build.0 = Release|x64
		{ABC4FF2A-C643-46E7-B5C8-EC2D44F96BED}.Release|x86.ActiveCfg = Release|Win32
		{ABC4FF2A-C643-46E7-B5C8-EC2D44F96BED}.Release|x86.Build.0 = Release|Win32
	EndGlobalSection
	GlobalSection(SolutionProperties) = preSolution
		HideSolutionNode = FALSE
	EndGlobalSection
EndGlobal
